{
  "requires": true,
  "lockfileVersion": 1,
  "dependencies": {
    "Buffer": {
      "version": "0.0.0",
      "resolved": "https://registry.npmjs.org/Buffer/-/Buffer-0.0.0.tgz",
      "integrity": "sha1-gs+OmGohCf9tHW8cQ25H0HEnrqQ="
    },
    "emitter-component": {
      "version": "1.1.1",
      "resolved": "https://registry.npmjs.org/emitter-component/-/emitter-component-1.1.1.tgz",
      "integrity": "sha1-Bl4tvtaVm/RwZ57avq95gdEAOrY="
    },
    "express": {
      "version": "3.0.6",
      "resolved": "https://registry.npmjs.org/express/-/express-3.0.6.tgz",
      "integrity": "sha1-0nT8uGi5V4i/SvYhaNddE/132LQ=",
      "requires": {
        "buffer-crc32": "0.1.1",
        "commander": "0.6.1",
        "connect": "2.7.2",
        "cookie": "0.0.5",
        "cookie-signature": "0.0.1",
        "debug": "*",
        "fresh": "0.1.0",
        "methods": "0.0.1",
        "mkdirp": "0.3.3",
        "range-parser": "0.0.4",
        "send": "0.1.0"
      },
      "dependencies": {
        "buffer-crc32": {
          "version": "0.1.1",
          "resolved": "https://registry.npmjs.org/buffer-crc32/-/buffer-crc32-0.1.1.tgz",
          "integrity": "sha1-fhENyZU5CKt8MqzccMn5RbHLxSY="
        },
        "commander": {
          "version": "0.6.1",
          "resolved": "https://registry.npmjs.org/commander/-/commander-0.6.1.tgz",
          "integrity": "sha1-+mihT2qUXVTbvlDYzbMyDp47GgY="
        },
        "connect": {
          "version": "2.7.2",
          "resolved": "https://registry.npmjs.org/connect/-/connect-2.7.2.tgz",
          "integrity": "sha1-EXmUY72qr5nV+b7xM78kILJuJoA=",
          "requires": {
            "buffer-crc32": "0.1.1",
            "bytes": "0.1.0",
            "cookie": "0.0.5",
            "cookie-signature": "0.0.1",
            "debug": "*",
            "formidable": "1.0.11",
            "fresh": "0.1.0",
            "pause": "0.0.1",
            "qs": "0.5.1",
            "send": "0.1.0"
          },
          "dependencies": {
            "bytes": {
              "version": "0.1.0",
              "resolved": "https://registry.npmjs.org/bytes/-/bytes-0.1.0.tgz",
              "integrity": "sha1-xXSBIigSbWNp0VdpJahXnbP45aI="
            },
            "formidable": {
              "version": "1.0.11",
              "resolved": "https://registry.npmjs.org/formidable/-/formidable-1.0.11.tgz",
              "integrity": "sha1-aPYzJaA15kS297s9ESQ7l2HeGzA="
            },
            "pause": {
              "version": "0.0.1",
              "resolved": "https://registry.npmjs.org/pause/-/pause-0.0.1.tgz",
              "integrity": "sha1-HUCLP9t2kjuVQ9lvtMnf1TXZy10="
            },
            "qs": {
              "version": "0.5.1",
              "resolved": "https://registry.npmjs.org/qs/-/qs-0.5.1.tgz",
              "integrity": "sha1-n2v12axsdjhOldNtFbSJgOXkrdA="
            }
          }
        },
        "cookie": {
          "version": "0.0.5",
          "resolved": "https://registry.npmjs.org/cookie/-/cookie-0.0.5.tgz",
          "integrity": "sha1-+az521frdWjJ/MWWJWt7si4wfIE="
        },
        "cookie-signature": {
          "version": "0.0.1",
          "resolved": "https://registry.npmjs.org/cookie-signature/-/cookie-signature-0.0.1.tgz",
          "integrity": "sha1-E9NgO1z2O++/haiAHjeqkA20aYU="
        },
        "debug": {
          "version": "2.2.0",
          "resolved": "https://registry.npmjs.org/debug/-/debug-2.2.0.tgz",
          "integrity": "sha1-+HBX6ZWxofauaklgZkE3vFbwOdo=",
          "requires": {
            "ms": "0.7.1"
          },
          "dependencies": {
            "ms": {
              "version": "0.7.1",
              "resolved": "https://registry.npmjs.org/ms/-/ms-0.7.1.tgz",
              "integrity": "sha1-nNE8A62/8ltl7/3nzoZO6VIBcJg="
            }
          }
        },
        "fresh": {
          "version": "0.1.0",
          "resolved": "https://registry.npmjs.org/fresh/-/fresh-0.1.0.tgz",
          "integrity": "sha1-A+SwF4Qk5MLV0ZpU2IFM3JeTSFA="
        },
        "methods": {
          "version": "0.0.1",
          "resolved": "https://registry.npmjs.org/methods/-/methods-0.0.1.tgz",
          "integrity": "sha1-J3yQ+L7zlwlkWoNxxRw7bGSOBow="
        },
        "mkdirp": {
          "version": "0.3.3",
          "resolved": "https://registry.npmjs.org/mkdirp/-/mkdirp-0.3.3.tgz",
          "integrity": "sha1-WV4lHBNww6aLqyE20ONIuBBa3xM="
        },
        "range-parser": {
          "version": "0.0.4",
          "resolved": "https://registry.npmjs.org/range-parser/-/range-parser-0.0.4.tgz",
          "integrity": "sha1-wEJ//vUcEKy6B4KkbJYC50T/Ygs="
        },
        "send": {
          "version": "0.1.0",
          "resolved": "https://registry.npmjs.org/send/-/send-0.1.0.tgz",
          "integrity": "sha1-z7COvTzsm3/Bo32f+eh1qXHPRkA=",
          "requires": {
            "debug": "*",
            "fresh": "0.1.0",
            "mime": "1.2.6",
            "range-parser": "0.0.4"
          },
          "dependencies": {
            "mime": {
              "version": "1.2.6",
              "resolved": "https://registry.npmjs.org/mime/-/mime-1.2.6.tgz",
              "integrity": "sha1-sfhsdowCX6h7SAdfFwnyiuryA2U="
            }
          }
        }
      }
    },
    "net": {
      "version": "1.0.2",
      "resolved": "https://registry.npmjs.org/net/-/net-1.0.2.tgz",
      "integrity": "sha1-0XV+yaf7I3HYPPR1XOPifhCCk4g="
    },
    "optimist": {
      "version": "0.3.7",
      "resolved": "https://registry.npmjs.org/optimist/-/optimist-0.3.7.tgz",
      "integrity": "sha1-yQlBrVnkJzMokjB00s8ufLxuwNk=",
      "requires": {
        "wordwrap": "~0.0.2"
      },
      "dependencies": {
        "wordwrap": {
          "version": "0.0.3",
          "resolved": "https://registry.npmjs.org/wordwrap/-/wordwrap-0.0.3.tgz",
          "integrity": "sha1-o9XabNXAvAAI03I0u68b7WMFkQc="
        }
      }
    },
    "socket.io": {
      "version": "1.4.5",
      "resolved": "https://registry.npmjs.org/socket.io/-/socket.io-1.4.5.tgz",
      "integrity": "sha1-8gL0nuuc989sCXGtddjZbUUepPc=",
      "requires": {
        "debug": "2.2.0",
        "engine.io": "1.6.8",
        "has-binary": "0.1.7",
        "socket.io-adapter": "0.4.0",
        "socket.io-client": "1.4.5",
        "socket.io-parser": "2.2.6"
      },
      "dependencies": {
        "base64id": {
          "version": "https://registry.npmjs.org/base64id/-/base64id-0.1.0.tgz",
          "integrity": "sha1-As4P3u4M709ACA4ec+g08LG/zj8="
        },
        "debug": {
          "version": "2.2.0",
          "resolved": "https://registry.npmjs.org/debug/-/debug-2.2.0.tgz",
          "integrity": "sha1-+HBX6ZWxofauaklgZkE3vFbwOdo=",
          "requires": {
            "ms": "0.7.1"
          },
          "dependencies": {
            "ms": {
              "version": "0.7.1",
              "resolved": "https://registry.npmjs.org/ms/-/ms-0.7.1.tgz",
              "integrity": "sha1-nNE8A62/8ltl7/3nzoZO6VIBcJg="
            }
          }
        },
        "engine.io": {
          "version": "1.6.8",
          "resolved": "https://registry.npmjs.org/engine.io/-/engine.io-1.6.8.tgz",
          "integrity": "sha1-3gWga3V+dRdpXgiMewUcR4GfURs=",
          "requires": {
            "accepts": "1.1.4",
            "base64id": "0.1.0",
            "debug": "2.2.0",
            "engine.io-parser": "1.2.4",
            "ws": "1.0.1"
          },
          "dependencies": {
            "accepts": {
              "version": "1.1.4",
              "resolved": "https://registry.npmjs.org/accepts/-/accepts-1.1.4.tgz",
              "integrity": "sha1-1xyW99QdD+2iw4zRToonwEFY30o=",
              "requires": {
                "mime-types": "~2.0.4",
                "negotiator": "0.4.9"
              },
              "dependencies": {
                "mime-types": {
                  "version": "2.0.14",
                  "resolved": "https://registry.npmjs.org/mime-types/-/mime-types-2.0.14.tgz",
                  "integrity": "sha1-MQ4VnbI+B3+Lsit0jav6SVcUCqY=",
                  "requires": {
                    "mime-db": "~1.12.0"
                  },
                  "dependencies": {
                    "mime-db": {
                      "version": "1.12.0",
                      "resolved": "https://registry.npmjs.org/mime-db/-/mime-db-1.12.0.tgz",
                      "integrity": "sha1-PQxjGA9FjrENMlqqN9fFiuMS6dc="
                    }
                  }
                },
                "negotiator": {
                  "version": "0.4.9",
                  "resolved": "https://registry.npmjs.org/negotiator/-/negotiator-0.4.9.tgz",
                  "integrity": "sha1-kuRrbbU8fkIe1koryU8IvnYw3z8="
                }
              }
            },
            "base64id": {
              "version": "0.1.0",
              "resolved": "https://registry.npmjs.org/base64id/-/base64id-0.1.0.tgz",
              "integrity": "sha1-As4P3u4M709ACA4ec+g08LG/zj8="
            },
            "engine.io-parser": {
              "version": "1.2.4",
              "resolved": "https://registry.npmjs.org/engine.io-parser/-/engine.io-parser-1.2.4.tgz",
              "integrity": "sha1-4Il7C/FOeS1M0qWVBVORnFaUjEI=",
              "requires": {
                "after": "0.8.1",
                "arraybuffer.slice": "0.0.6",
                "base64-arraybuffer": "0.1.2",
                "blob": "0.0.4",
                "has-binary": "0.1.6",
                "utf8": "2.1.0"
              },
              "dependencies": {
                "after": {
                  "version": "0.8.1",
                  "resolved": "https://registry.npmjs.org/after/-/after-0.8.1.tgz",
                  "integrity": "sha1-q11PuIP1loFtNRX495HAr0ht1ic="
                },
                "arraybuffer.slice": {
                  "version": "0.0.6",
                  "resolved": "https://registry.npmjs.org/arraybuffer.slice/-/arraybuffer.slice-0.0.6.tgz",
                  "integrity": "sha1-8zshWfBTKj8xB6JywMz70a0peco="
                },
                "base64-arraybuffer": {
                  "version": "0.1.2",
                  "resolved": "https://registry.npmjs.org/base64-arraybuffer/-/base64-arraybuffer-0.1.2.tgz",
                  "integrity": "sha1-R030qfLaJOBd8xWMOx2zw81GoVQ="
                },
                "blob": {
                  "version": "0.0.4",
                  "resolved": "https://registry.npmjs.org/blob/-/blob-0.0.4.tgz",
                  "integrity": "sha1-vPEwUspURj8w+fx+lbmkdjCpSSE="
                },
                "has-binary": {
                  "version": "0.1.6",
                  "resolved": "https://registry.npmjs.org/has-binary/-/has-binary-0.1.6.tgz",
                  "integrity": "sha1-JTJvOc+k9hath4eJTjryz7x7bhA=",
                  "requires": {
                    "isarray": "0.0.1"
                  },
                  "dependencies": {
                    "isarray": {
                      "version": "0.0.1",
                      "resolved": "https://registry.npmjs.org/isarray/-/isarray-0.0.1.tgz",
                      "integrity": "sha1-ihis/Kmo9Bd+Cav8YDiTmwXR7t8="
                    }
                  }
                },
                "utf8": {
                  "version": "2.1.0",
                  "resolved": "https://registry.npmjs.org/utf8/-/utf8-2.1.0.tgz",
                  "integrity": "sha1-DP7FyAUtRKI+OqqQgQToB1+V39U="
                }
              }
            },
            "ws": {
              "version": "1.0.1",
              "resolved": "https://registry.npmjs.org/ws/-/ws-1.0.1.tgz",
              "integrity": "sha1-fQsqLljN3YGQOcKcneZQReGzEOk=",
              "requires": {
                "options": ">=0.0.5",
                "ultron": "1.0.x"
              },
              "dependencies": {
                "options": {
                  "version": "0.0.6",
                  "resolved": "https://registry.npmjs.org/options/-/options-0.0.6.tgz",
                  "integrity": "sha1-7CLTEoBrtT5zF3Pnza788cZDEo8="
                },
                "ultron": {
                  "version": "1.0.2",
                  "resolved": "https://registry.npmjs.org/ultron/-/ultron-1.0.2.tgz",
                  "integrity": "sha1-rOEWq1V80Zc4ak6I9GhTeMiy5Po="
                }
              }
            }
          }
        },
        "has-binary": {
          "version": "0.1.7",
          "resolved": "https://registry.npmjs.org/has-binary/-/has-binary-0.1.7.tgz",
          "integrity": "sha1-aOYesWIQyVRaClzOBqhzkS/h5ow=",
          "requires": {
            "isarray": "0.0.1"
          },
          "dependencies": {
            "isarray": {
              "version": "0.0.1",
              "resolved": "https://registry.npmjs.org/isarray/-/isarray-0.0.1.tgz",
              "integrity": "sha1-ihis/Kmo9Bd+Cav8YDiTmwXR7t8="
            }
          }
        },
        "policyfile": {
          "version": "https://registry.npmjs.org/policyfile/-/policyfile-0.0.4.tgz",
          "integrity": "sha1-1rgurZiueeviKOLa9ZAzEeyYLk0="
        },
        "redis": {
          "version": "https://registry.npmjs.org/redis/-/redis-0.7.3.tgz",
          "integrity": "sha1-7le3pE0l7BWU5ENl2BZfp9HUgRo="
        },
        "socket.io-adapter": {
          "version": "0.4.0",
          "resolved": "https://registry.npmjs.org/socket.io-adapter/-/socket.io-adapter-0.4.0.tgz",
          "integrity": "sha1-+5+CqxqmUpC/csNleVW5MKmRok8=",
          "requires": {
            "debug": "2.2.0",
            "socket.io-parser": "2.2.2"
          },
          "dependencies": {
            "socket.io-parser": {
              "version": "2.2.2",
              "resolved": "https://registry.npmjs.org/socket.io-parser/-/socket.io-parser-2.2.2.tgz",
              "integrity": "sha1-PXr2tkSX6Va32f53X5mXFgJ/lBc=",
              "requires": {
                "benchmark": "1.0.0",
                "component-emitter": "1.1.2",
                "debug": "0.7.4",
                "isarray": "0.0.1",
                "json3": "3.2.6"
              },
              "dependencies": {
                "benchmark": {
                  "version": "1.0.0",
                  "resolved": "https://registry.npmjs.org/benchmark/-/benchmark-1.0.0.tgz",
                  "integrity": "sha1-Lx4vpMNZ8REiqhgwgiGOlX45DHM="
                },
                "component-emitter": {
                  "version": "1.1.2",
                  "resolved": "https://registry.npmjs.org/component-emitter/-/component-emitter-1.1.2.tgz",
                  "integrity": "sha1-KWWU8nU9qmOZbSrwjRWpURbJrsM="
                },
                "debug": {
                  "version": "0.7.4",
                  "resolved": "https://registry.npmjs.org/debug/-/debug-0.7.4.tgz",
                  "integrity": "sha1-BuHqgILCyxTjmAbiLi9vdX+Srzk="
                },
                "isarray": {
                  "version": "0.0.1",
                  "resolved": "https://registry.npmjs.org/isarray/-/isarray-0.0.1.tgz",
                  "integrity": "sha1-ihis/Kmo9Bd+Cav8YDiTmwXR7t8="
                },
                "json3": {
                  "version": "3.2.6",
                  "resolved": "https://registry.npmjs.org/json3/-/json3-3.2.6.tgz",
                  "integrity": "sha1-9u/JPAagTemuxTBT3yVZuxniA4s="
                }
              }
            }
          }
        },
        "socket.io-client": {
          "version": "1.4.5",
          "resolved": "https://registry.npmjs.org/socket.io-client/-/socket.io-client-1.4.5.tgz",
          "integrity": "sha1-QA1jDDHnyVeeRRc/l35PW9jcfS4=",
          "requires": {
            "backo2": "1.0.2",
            "component-bind": "1.0.0",
            "component-emitter": "1.2.0",
            "debug": "2.2.0",
            "engine.io-client": "1.6.8",
            "has-binary": "0.1.7",
            "indexof": "0.0.1",
            "object-component": "0.0.3",
            "parseuri": "0.0.4",
            "socket.io-parser": "2.2.6",
            "to-array": "0.1.4"
          },
          "dependencies": {
            "active-x-obfuscator": {
              "version": "https://registry.npmjs.org/active-x-obfuscator/-/active-x-obfuscator-0.0.1.tgz",
              "integrity": "sha1-CJuJs3FF/x2ex0r2UwvlUmyuHxo=",
              "requires": {
                "zeparser": "0.0.5"
              },
              "dependencies": {
                "zeparser": {
                  "version": "0.0.5",
                  "resolved": "https://registry.npmjs.org/zeparser/-/zeparser-0.0.5.tgz",
                  "integrity": "sha1-A3JlYbwmjy5URPVMZlt/1KjAKeI="
                }
              }
            },
            "backo2": {
              "version": "1.0.2",
              "resolved": "https://registry.npmjs.org/backo2/-/backo2-1.0.2.tgz",
              "integrity": "sha1-MasayLEpNjRj41s+u2n038+6eUc="
            },
            "component-bind": {
              "version": "1.0.0",
              "resolved": "https://registry.npmjs.org/component-bind/-/component-bind-1.0.0.tgz",
              "integrity": "sha1-AMYIq33Nk4l8AAllGx06jh5zu9E="
            },
            "component-emitter": {
              "version": "1.2.0",
              "resolved": "https://registry.npmjs.org/component-emitter/-/component-emitter-1.2.0.tgz",
              "integrity": "sha1-zNETqGOI0GSC0D3j/H35hSa6jv4="
            },
            "engine.io-client": {
              "version": "1.6.8",
              "resolved": "https://registry.npmjs.org/engine.io-client/-/engine.io-client-1.6.8.tgz",
              "integrity": "sha1-bi2xFki0XkBcRrFy6j49rDfMDOs=",
              "requires": {
                "component-emitter": "1.1.2",
                "component-inherit": "0.0.3",
                "debug": "2.2.0",
                "engine.io-parser": "1.2.4",
                "has-cors": "1.1.0",
                "indexof": "0.0.1",
                "parsejson": "0.0.1",
                "parseqs": "0.0.2",
                "parseuri": "0.0.4",
                "ws": "1.0.1",
                "xmlhttprequest-ssl": "1.5.1",
                "yeast": "0.1.2"
              },
              "dependencies": {
                "component-emitter": {
                  "version": "1.1.2",
                  "resolved": "https://registry.npmjs.org/component-emitter/-/component-emitter-1.1.2.tgz",
                  "integrity": "sha1-KWWU8nU9qmOZbSrwjRWpURbJrsM="
                },
                "component-inherit": {
                  "version": "0.0.3",
                  "resolved": "https://registry.npmjs.org/component-inherit/-/component-inherit-0.0.3.tgz",
                  "integrity": "sha1-ZF/ErfWLcrZJ1crmUTVhnbJv8UM="
                },
                "engine.io-parser": {
                  "version": "1.2.4",
                  "resolved": "https://registry.npmjs.org/engine.io-parser/-/engine.io-parser-1.2.4.tgz",
                  "integrity": "sha1-4Il7C/FOeS1M0qWVBVORnFaUjEI=",
                  "requires": {
                    "after": "0.8.1",
                    "arraybuffer.slice": "0.0.6",
                    "base64-arraybuffer": "0.1.2",
                    "blob": "0.0.4",
                    "has-binary": "0.1.6",
                    "utf8": "2.1.0"
                  },
                  "dependencies": {
                    "after": {
                      "version": "0.8.1",
                      "resolved": "https://registry.npmjs.org/after/-/after-0.8.1.tgz",
                      "integrity": "sha1-q11PuIP1loFtNRX495HAr0ht1ic="
                    },
                    "arraybuffer.slice": {
                      "version": "0.0.6",
                      "resolved": "https://registry.npmjs.org/arraybuffer.slice/-/arraybuffer.slice-0.0.6.tgz",
                      "integrity": "sha1-8zshWfBTKj8xB6JywMz70a0peco="
                    },
                    "base64-arraybuffer": {
                      "version": "0.1.2",
                      "resolved": "https://registry.npmjs.org/base64-arraybuffer/-/base64-arraybuffer-0.1.2.tgz",
                      "integrity": "sha1-R030qfLaJOBd8xWMOx2zw81GoVQ="
                    },
                    "blob": {
                      "version": "0.0.4",
                      "resolved": "https://registry.npmjs.org/blob/-/blob-0.0.4.tgz",
                      "integrity": "sha1-vPEwUspURj8w+fx+lbmkdjCpSSE="
                    },
                    "has-binary": {
                      "version": "0.1.6",
                      "resolved": "https://registry.npmjs.org/has-binary/-/has-binary-0.1.6.tgz",
                      "integrity": "sha1-JTJvOc+k9hath4eJTjryz7x7bhA=",
                      "requires": {
                        "isarray": "0.0.1"
                      },
                      "dependencies": {
                        "isarray": {
                          "version": "0.0.1",
                          "resolved": "https://registry.npmjs.org/isarray/-/isarray-0.0.1.tgz",
                          "integrity": "sha1-ihis/Kmo9Bd+Cav8YDiTmwXR7t8="
                        }
                      }
                    },
                    "utf8": {
                      "version": "2.1.0",
                      "resolved": "https://registry.npmjs.org/utf8/-/utf8-2.1.0.tgz",
                      "integrity": "sha1-DP7FyAUtRKI+OqqQgQToB1+V39U="
                    }
                  }
                },
                "has-cors": {
                  "version": "1.1.0",
                  "resolved": "https://registry.npmjs.org/has-cors/-/has-cors-1.1.0.tgz",
                  "integrity": "sha1-XkdHk/fqmEPRu5nCPu9J/xJv/zk="
                },
                "parsejson": {
                  "version": "0.0.1",
                  "resolved": "https://registry.npmjs.org/parsejson/-/parsejson-0.0.1.tgz",
                  "integrity": "sha1-mxDGwNglq1ieaFFTgm3go7oni8w=",
                  "requires": {
                    "better-assert": "~1.0.0"
                  },
                  "dependencies": {
                    "better-assert": {
                      "version": "1.0.2",
                      "resolved": "https://registry.npmjs.org/better-assert/-/better-assert-1.0.2.tgz",
                      "integrity": "sha1-QIZrnhueC1W0gYlDEeaPr/rrxSI=",
                      "requires": {
                        "callsite": "1.0.0"
                      },
                      "dependencies": {
                        "callsite": {
                          "version": "1.0.0",
                          "resolved": "https://registry.npmjs.org/callsite/-/callsite-1.0.0.tgz",
                          "integrity": "sha1-KAOY5dZkvXQDi28JBRU+borxvCA="
                        }
                      }
                    }
                  }
                },
                "parseqs": {
                  "version": "0.0.2",
                  "resolved": "https://registry.npmjs.org/parseqs/-/parseqs-0.0.2.tgz",
                  "integrity": "sha1-nf5wss3aw4i95PNbHyQPpYrb5sc=",
                  "requires": {
                    "better-assert": "~1.0.0"
                  },
                  "dependencies": {
                    "better-assert": {
                      "version": "1.0.2",
                      "resolved": "https://registry.npmjs.org/better-assert/-/better-assert-1.0.2.tgz",
                      "integrity": "sha1-QIZrnhueC1W0gYlDEeaPr/rrxSI=",
                      "requires": {
                        "callsite": "1.0.0"
                      },
                      "dependencies": {
                        "callsite": {
                          "version": "1.0.0",
                          "resolved": "https://registry.npmjs.org/callsite/-/callsite-1.0.0.tgz",
                          "integrity": "sha1-KAOY5dZkvXQDi28JBRU+borxvCA="
                        }
                      }
                    }
                  }
                },
                "ws": {
                  "version": "1.0.1",
                  "resolved": "https://registry.npmjs.org/ws/-/ws-1.0.1.tgz",
                  "integrity": "sha1-fQsqLljN3YGQOcKcneZQReGzEOk=",
                  "requires": {
                    "options": ">=0.0.5",
                    "ultron": "1.0.x"
                  },
                  "dependencies": {
                    "options": {
                      "version": "0.0.6",
                      "resolved": "https://registry.npmjs.org/options/-/options-0.0.6.tgz",
                      "integrity": "sha1-7CLTEoBrtT5zF3Pnza788cZDEo8="
                    },
                    "ultron": {
                      "version": "1.0.2",
                      "resolved": "https://registry.npmjs.org/ultron/-/ultron-1.0.2.tgz",
                      "integrity": "sha1-rOEWq1V80Zc4ak6I9GhTeMiy5Po="
                    }
                  }
                },
                "xmlhttprequest-ssl": {
                  "version": "1.5.1",
                  "resolved": "https://registry.npmjs.org/xmlhttprequest-ssl/-/xmlhttprequest-ssl-1.5.1.tgz",
                  "integrity": "sha1-O3dB/qSoZnWXbpCNKW1ERZYfqmc="
                },
                "yeast": {
                  "version": "0.1.2",
                  "resolved": "https://registry.npmjs.org/yeast/-/yeast-0.1.2.tgz",
                  "integrity": "sha1-AI4G2AlDIMNy28L47XagymyKxBk="
                }
              }
            },
            "indexof": {
              "version": "0.0.1",
              "resolved": "https://registry.npmjs.org/indexof/-/indexof-0.0.1.tgz",
              "integrity": "sha1-gtwzbSMrkGIXnQWrMpOmYFn9Q10="
            },
            "object-component": {
              "version": "0.0.3",
              "resolved": "https://registry.npmjs.org/object-component/-/object-component-0.0.3.tgz",
              "integrity": "sha1-8MaapQ78lbhmwYb0AKM3acsvEpE="
            },
            "parseuri": {
              "version": "0.0.4",
              "resolved": "https://registry.npmjs.org/parseuri/-/parseuri-0.0.4.tgz",
              "integrity": "sha1-gGWCo5iH4eoY3V4v4OAZAiaOk1A=",
              "requires": {
                "better-assert": "~1.0.0"
              },
              "dependencies": {
                "better-assert": {
                  "version": "1.0.2",
                  "resolved": "https://registry.npmjs.org/better-assert/-/better-assert-1.0.2.tgz",
                  "integrity": "sha1-QIZrnhueC1W0gYlDEeaPr/rrxSI=",
                  "requires": {
                    "callsite": "1.0.0"
                  },
                  "dependencies": {
                    "callsite": {
                      "version": "1.0.0",
                      "resolved": "https://registry.npmjs.org/callsite/-/callsite-1.0.0.tgz",
                      "integrity": "sha1-KAOY5dZkvXQDi28JBRU+borxvCA="
                    }
                  }
                }
              }
            },
            "to-array": {
              "version": "0.1.4",
              "resolved": "https://registry.npmjs.org/to-array/-/to-array-0.1.4.tgz",
              "integrity": "sha1-F+bBH3PdTz10zaek/zI46a2b+JA="
            },
            "uglify-js": {
              "version": "https://registry.npmjs.org/uglify-js/-/uglify-js-1.2.5.tgz",
              "integrity": "sha1-tULCx29477NLIAsgF3Y0Mw/3ArY="
            },
            "ws": {
              "version": "https://registry.npmjs.org/ws/-/ws-0.4.32.tgz",
              "integrity": "sha1-eHphVEFPPJntg8V3IVOyD+sM7DI=",
              "requires": {
                "commander": "~2.1.0",
                "nan": "~1.0.0",
                "options": ">=0.0.5",
                "tinycolor": "0.x"
              },
              "dependencies": {
                "commander": {
                  "version": "2.1.0",
                  "resolved": "https://registry.npmjs.org/commander/-/commander-2.1.0.tgz",
                  "integrity": "sha1-0SG7roYNmZKj1Re6lvVliOR8Z4E="
                },
                "nan": {
                  "version": "1.0.0",
                  "resolved": "https://registry.npmjs.org/nan/-/nan-1.0.0.tgz",
                  "integrity": "sha1-riT4hQgY1mL8q1rPfzuVv6oszzg="
                },
                "options": {
                  "version": "0.0.6",
                  "resolved": "https://registry.npmjs.org/options/-/options-0.0.6.tgz",
                  "integrity": "sha1-7CLTEoBrtT5zF3Pnza788cZDEo8="
                },
                "tinycolor": {
                  "version": "0.0.1",
                  "resolved": "https://registry.npmjs.org/tinycolor/-/tinycolor-0.0.1.tgz",
                  "integrity": "sha1-MgtaUtg6u1l42Bo+iH1K77FaYWQ="
                }
              }
            },
            "xmlhttprequest": {
              "version": "https://registry.npmjs.org/xmlhttprequest/-/xmlhttprequest-1.4.2.tgz",
              "integrity": "sha1-AUU6HZvtHo8XL2SVu/TIxCYyFQA="
            }
          }
        },
        "socket.io-parser": {
          "version": "2.2.6",
          "resolved": "https://registry.npmjs.org/socket.io-parser/-/socket.io-parser-2.2.6.tgz",
          "integrity": "sha1-ON/WHfUNz4qx2eIJEyK/kCuii5k=",
          "requires": {
            "benchmark": "1.0.0",
            "component-emitter": "1.1.2",
            "debug": "2.2.0",
            "isarray": "0.0.1",
            "json3": "3.3.2"
          },
          "dependencies": {
            "benchmark": {
              "version": "1.0.0",
              "resolved": "https://registry.npmjs.org/benchmark/-/benchmark-1.0.0.tgz",
              "integrity": "sha1-Lx4vpMNZ8REiqhgwgiGOlX45DHM="
            },
            "component-emitter": {
              "version": "1.1.2",
              "resolved": "https://registry.npmjs.org/component-emitter/-/component-emitter-1.1.2.tgz",
              "integrity": "sha1-KWWU8nU9qmOZbSrwjRWpURbJrsM="
            },
            "isarray": {
              "version": "0.0.1",
              "resolved": "https://registry.npmjs.org/isarray/-/isarray-0.0.1.tgz",
              "integrity": "sha1-ihis/Kmo9Bd+Cav8YDiTmwXR7t8="
            },
            "json3": {
              "version": "3.3.2",
              "resolved": "https://registry.npmjs.org/json3/-/json3-3.3.2.tgz",
              "integrity": "sha1-PAQ0dD35Pi9cQq7nsZvLSDV19OE="
            }
          }
        }
      }
    },
    "stream": {
      "version": "0.0.2",
      "resolved": "https://registry.npmjs.org/stream/-/stream-0.0.2.tgz",
      "integrity": "sha1-f1Nj8Ff2WSxVlfALyAon9c7B8O8=",
      "requires": {
        "emitter-component": "^1.1.1"
      }
    },
    "upgrade": {
      "version": "1.1.0",
      "resolved": "https://registry.npmjs.org/upgrade/-/upgrade-1.1.0.tgz",
      "integrity": "sha1-SlCHXsXHFdGTeXmfBZCg55aVj2E="
    }
  }
}
